schema: '2.0'
stages:
  data_ingestion:
    cmd: python src/data_ingestion.py
    deps:
    - path: src/data_ingestion.py
      hash: md5
      md5: d366633c7cdf7e69f9eee2b93509986a
      size: 4222
    params:
      params.yaml:
        data_ingestion.test_size: 0.21
    outs:
    - path: data/raw
      hash: md5
      md5: 44f3efa6c86106f731cb228a8e101db3.dir
      size: 484846
      nfiles: 2
  data_preprocessing:
    cmd: python src/data_preprocessing.py
    deps:
    - path: data/raw
      hash: md5
      md5: 44f3efa6c86106f731cb228a8e101db3.dir
      size: 484846
      nfiles: 2
    - path: src/data_preprocessing.py
      hash: md5
      md5: 551ca4af7e624c1eec64ffdd46129119
      size: 4354
    outs:
    - path: data/interim
      hash: md5
      md5: 4de78afd8c96aba2608881d2b9aed22c.dir
      size: 262279
      nfiles: 2
  feature_engineering:
    cmd: python src/feature_engineering.py
    deps:
    - path: data/interim
      hash: md5
      md5: 4de78afd8c96aba2608881d2b9aed22c.dir
      size: 262279
      nfiles: 2
    - path: src/feature_engineering.py
      hash: md5
      md5: faa4b5dc206850e1e681f81fe66a8457
      size: 4539
    params:
      params.yaml:
        feature_engineering.max_features: 51
    outs:
    - path: data/processed
      hash: md5
      md5: 1c9826733f4f712b59513fc19e136b79.dir
      size: 1210261
      nfiles: 2
  model_building:
    cmd: python src/model_building.py
    deps:
    - path: data/processed
      hash: md5
      md5: 1c9826733f4f712b59513fc19e136b79.dir
      size: 1210261
      nfiles: 2
    - path: src/model_building.py
      hash: md5
      md5: 687acdff87a089a8d13e828731a6678c
      size: 5114
    params:
      params.yaml:
        model_building.n_estimators: 20
        model_building.random_state: 42
    outs:
    - path: models/model.pkl
      hash: md5
      md5: 21f5a897d708e7691f088ecceefa9da3
      size: 747112
  model_evaluation:
    cmd: python src/model_evaluation.py
    deps:
    - path: models/model.pkl
      hash: md5
      md5: 21f5a897d708e7691f088ecceefa9da3
      size: 747112
    - path: src/model_evaluation.py
      hash: md5
      md5: 91c13796e01ca4d2687c7ebb5181275b
      size: 5321
    outs:
    - path: reports/metrics.json
      hash: md5
      md5: b47596b44f5d79c5657aed9f17db6da5
      size: 145
